
Microsoft Visual Studio Solution File, Format Version 11.00
# Visual Studio 2010
Project("{FAE04EC0-301F-11D3-BF4B-00C04F79EFBC}") = "D_M_S", "D_M_S\D_M_S.csproj", "{C9556B01-1D19-4B44-8AFD-243B35892029}"
EndProject
Project("{FAE04EC0-301F-11D3-BF4B-00C04F79EFBC}") = "HASH_CRACKER", "HASH_CRACKER\HASH_CRACKER.csproj", "{43C0D58D-F45D-49EC-8240-BAEF2A1EC086}"
EndProject
Project("{FAE04EC0-301F-11D3-BF4B-00C04F79EFBC}") = "CRASHASHER", "CRASHASHER\CRASHASHER.csproj", "{A43347AC-7B2E-462C-BF7C-8946F9A68081}"
EndProject
Global
	GlobalSection(SolutionConfigurationPlatforms) = preSolution
		Debug|Any CPU = Debug|Any CPU
		Debug|Mixed Platforms = Debug|Mixed Platforms
		Debug|x86 = Debug|x86
		Release|Any CPU = Release|Any CPU
		Release|Mixed Platforms = Release|Mixed Platforms
		Release|x86 = Release|x86
	EndGlobalSection
	GlobalSection(ProjectConfigurationPlatforms) = postSolution
		{C9556B01-1D19-4B44-8AFD-243B35892029}.Debug|Any CPU.ActiveCfg = Debug|x86
		{C9556B01-1D19-4B44-8AFD-243B35892029}.Debug|Mixed Platforms.ActiveCfg = Debug|x86
		{C9556B01-1D19-4B44-8AFD-243B35892029}.Debug|Mixed Platforms.Build.0 = Debug|x86
		{C9556B01-1D19-4B44-8AFD-243B35892029}.Debug|x86.ActiveCfg = Debug|x86
		{C9556B01-1D19-4B44-8AFD-243B35892029}.Debug|x86.Build.0 = Debug|x86
		{C9556B01-1D19-4B44-8AFD-243B35892029}.Release|Any CPU.ActiveCfg = Release|x86
		{C9556B01-1D19-4B44-8AFD-243B35892029}.Release|Mixed Platforms.ActiveCfg = Release|x86
		{C9556B01-1D19-4B44-8AFD-243B35892029}.Release|Mixed Platforms.Build.0 = Release|x86
		{C9556B01-1D19-4B44-8AFD-243B35892029}.Release|x86.ActiveCfg = Release|x86
		{C9556B01-1D19-4B44-8AFD-243B35892029}.Release|x86.Build.0 = Release|x86
		{43C0D58D-F45D-49EC-8240-BAEF2A1EC086}.Debug|Any CPU.ActiveCfg = Debug|x86
		{43C0D58D-F45D-49EC-8240-BAEF2A1EC086}.Debug|Mixed Platforms.ActiveCfg = Debug|x86
		{43C0D58D-F45D-49EC-8240-BAEF2A1EC086}.Debug|Mixed Platforms.Build.0 = Debug|x86
		{43C0D58D-F45D-49EC-8240-BAEF2A1EC086}.Debug|x86.ActiveCfg = Debug|x86
		{43C0D58D-F45D-49EC-8240-BAEF2A1EC086}.Debug|x86.Build.0 = Debug|x86
		{43C0D58D-F45D-49EC-8240-BAEF2A1EC086}.Release|Any CPU.ActiveCfg = Release|x86
		{43C0D58D-F45D-49EC-8240-BAEF2A1EC086}.Release|Mixed Platforms.ActiveCfg = Release|x86
		{43C0D58D-F45D-49EC-8240-BAEF2A1EC086}.Release|Mixed Platforms.Build.0 = Release|x86
		{43C0D58D-F45D-49EC-8240-BAEF2A1EC086}.Release|x86.ActiveCfg = Release|x86
		{43C0D58D-F45D-49EC-8240-BAEF2A1EC086}.Release|x86.Build.0 = Release|x86
		{A43347AC-7B2E-462C-BF7C-8946F9A68081}.Debug|Any CPU.ActiveCfg = Debug|Any CPU
		{A43347AC-7B2E-462C-BF7C-8946F9A68081}.Debug|Any CPU.Build.0 = Debug|Any CPU
		{A43347AC-7B2E-462C-BF7C-8946F9A68081}.Debug|Mixed Platforms.ActiveCfg = Debug|Any CPU
		{A43347AC-7B2E-462C-BF7C-8946F9A68081}.Debug|Mixed Platforms.Build.0 = Debug|Any CPU
		{A43347AC-7B2E-462C-BF7C-8946F9A68081}.Debug|x86.ActiveCfg = Debug|Any CPU
		{A43347AC-7B2E-462C-BF7C-8946F9A68081}.Release|Any CPU.ActiveCfg = Release|Any CPU
		{A43347AC-7B2E-462C-BF7C-8946F9A68081}.Release|Any CPU.Build.0 = Release|Any CPU
		{A43347AC-7B2E-462C-BF7C-8946F9A68081}.Release|Mixed Platforms.ActiveCfg = Release|Any CPU
		{A43347AC-7B2E-462C-BF7C-8946F9A68081}.Release|Mixed Platforms.Build.0 = Release|Any CPU
		{A43347AC-7B2E-462C-BF7C-8946F9A68081}.Release|x86.ActiveCfg = Release|Any CPU
	EndGlobalSection
	GlobalSection(SolutionProperties) = preSolution
		HideSolutionNode = FALSE
	EndGlobalSection
EndGlobal
